<?xml version="1.0" encoding="UTF-8"?>
<!DOCTYPE plist PUBLIC "-//Apple//DTD PLIST 1.0//EN" "http://www.apple.com/DTDs/PropertyList-1.0.dtd">
<plist version="1.0">
<dict>
	<key>archiveVersion</key>
	<string>1</string>
	<key>classes</key>
	<dict/>
	<key>objectVersion</key>
	<string>46</string>
	<key>objects</key>
	<dict>
		<key>12ADFBCA85764E748CDEC5DC</key>
		<dict>
			<key>buildActionMask</key>
			<string>2147483647</string>
			<key>files</key>
			<array/>
			<key>inputPaths</key>
			<array/>
			<key>isa</key>
			<string>PBXShellScriptBuildPhase</string>
			<key>name</key>
			<string>Check Pods Manifest.lock</string>
			<key>outputPaths</key>
			<array/>
			<key>runOnlyForDeploymentPostprocessing</key>
			<string>0</string>
			<key>shellPath</key>
			<string>/bin/sh</string>
			<key>shellScript</key>
			<string>diff "${PODS_ROOT}/../Podfile.lock" "${PODS_ROOT}/Manifest.lock" &gt; /dev/null
if [[ $? != 0 ]] ; then
    cat &lt;&lt; EOM
error: The sandbox is not in sync with the Podfile.lock. Run 'pod install' or update your CocoaPods installation.
EOM
    exit 1
fi
</string>
			<key>showEnvVarsInLog</key>
			<string>0</string>
		</dict>
		<key>334D0730EA6F402E99EB9A5C</key>
		<dict>
			<key>buildActionMask</key>
			<string>2147483647</string>
			<key>files</key>
			<array/>
			<key>inputPaths</key>
			<array/>
			<key>isa</key>
			<string>PBXShellScriptBuildPhase</string>
			<key>name</key>
			<string>Copy Pods Resources</string>
			<key>outputPaths</key>
			<array/>
			<key>runOnlyForDeploymentPostprocessing</key>
			<string>0</string>
			<key>shellPath</key>
			<string>/bin/sh</string>
			<key>shellScript</key>
			<string>"${SRCROOT}/Pods/Pods-ComfortMe-resources.sh"
</string>
			<key>showEnvVarsInLog</key>
			<string>0</string>
		</dict>
		<key>81FD2F9D3E02428CB2DC9270</key>
		<dict>
			<key>fileRef</key>
			<string>DD03172C30F44704820E954D</string>
			<key>isa</key>
			<string>PBXBuildFile</string>
		</dict>
		<key>850D073C398E4EEF93B925B9</key>
		<dict>
			<key>includeInIndex</key>
			<string>1</string>
			<key>isa</key>
			<string>PBXFileReference</string>
			<key>lastKnownFileType</key>
			<string>text.xcconfig</string>
			<key>name</key>
			<string>Pods-ComfortMe.xcconfig</string>
			<key>path</key>
			<string>Pods/Pods-ComfortMe.xcconfig</string>
			<key>sourceTree</key>
			<string>&lt;group&gt;</string>
		</dict>
		<key>8D40A57319BAB234005BD6B2</key>
		<dict>
			<key>isa</key>
			<string>PBXFileReference</string>
			<key>lastKnownFileType</key>
			<string>wrapper.framework</string>
			<key>name</key>
			<string>Social.framework</string>
			<key>path</key>
			<string>System/Library/Frameworks/Social.framework</string>
			<key>sourceTree</key>
			<string>SDKROOT</string>
		</dict>
		<key>8D40A57419BAB234005BD6B2</key>
		<dict>
			<key>fileRef</key>
			<string>8D40A57319BAB234005BD6B2</string>
			<key>isa</key>
			<string>PBXBuildFile</string>
		</dict>
		<key>8D40A57519BAB25F005BD6B2</key>
		<dict>
			<key>fileRef</key>
			<string>A8EF5BA719BA6D2E0016341D</string>
			<key>isa</key>
			<string>PBXBuildFile</string>
		</dict>
		<key>8D40A57619BAB282005BD6B2</key>
		<dict>
			<key>isa</key>
			<string>PBXFileReference</string>
			<key>lastKnownFileType</key>
			<string>wrapper.framework</string>
			<key>name</key>
			<string>Accelerate.framework</string>
			<key>path</key>
			<string>System/Library/Frameworks/Accelerate.framework</string>
			<key>sourceTree</key>
			<string>SDKROOT</string>
		</dict>
		<key>8D40A57719BAB282005BD6B2</key>
		<dict>
			<key>fileRef</key>
			<string>8D40A57619BAB282005BD6B2</string>
			<key>isa</key>
			<string>PBXBuildFile</string>
		</dict>
		<key>8D40A57819BAB288005BD6B2</key>
		<dict>
			<key>isa</key>
			<string>PBXFileReference</string>
			<key>lastKnownFileType</key>
			<string>wrapper.framework</string>
			<key>name</key>
			<string>CoreVideo.framework</string>
			<key>path</key>
			<string>System/Library/Frameworks/CoreVideo.framework</string>
			<key>sourceTree</key>
			<string>SDKROOT</string>
		</dict>
		<key>8D40A57919BAB288005BD6B2</key>
		<dict>
			<key>fileRef</key>
			<string>8D40A57819BAB288005BD6B2</string>
			<key>isa</key>
			<string>PBXBuildFile</string>
		</dict>
		<key>8D40A57A19BAB28E005BD6B2</key>
		<dict>
			<key>isa</key>
			<string>PBXFileReference</string>
			<key>lastKnownFileType</key>
			<string>wrapper.framework</string>
			<key>name</key>
			<string>CoreImage.framework</string>
			<key>path</key>
			<string>System/Library/Frameworks/CoreImage.framework</string>
			<key>sourceTree</key>
			<string>SDKROOT</string>
		</dict>
		<key>8D40A57B19BAB28E005BD6B2</key>
		<dict>
			<key>fileRef</key>
			<string>8D40A57A19BAB28E005BD6B2</string>
			<key>isa</key>
			<string>PBXBuildFile</string>
		</dict>
		<key>8D40A57C19BAB29E005BD6B2</key>
		<dict>
			<key>isa</key>
			<string>PBXFileReference</string>
			<key>lastKnownFileType</key>
			<string>wrapper.framework</string>
			<key>name</key>
			<string>CoreData.framework</string>
			<key>path</key>
			<string>System/Library/Frameworks/CoreData.framework</string>
			<key>sourceTree</key>
			<string>SDKROOT</string>
		</dict>
		<key>8D40A57D19BAB29E005BD6B2</key>
		<dict>
			<key>fileRef</key>
			<string>8D40A57C19BAB29E005BD6B2</string>
			<key>isa</key>
			<string>PBXBuildFile</string>
		</dict>
		<key>8D40A58619BAB61B005BD6B2</key>
		<dict>
			<key>children</key>
			<array>
				<string>8D40A58719BAB61B005BD6B2</string>
				<string>8D40A58819BAB61B005BD6B2</string>
			</array>
			<key>isa</key>
			<string>PBXGroup</string>
			<key>path</key>
			<string>Colors</string>
			<key>sourceTree</key>
			<string>&lt;group&gt;</string>
		</dict>
		<key>8D40A58719BAB61B005BD6B2</key>
		<dict>
			<key>fileEncoding</key>
			<string>4</string>
			<key>isa</key>
			<string>PBXFileReference</string>
			<key>lastKnownFileType</key>
			<string>sourcecode.c.h</string>
			<key>path</key>
			<string>CMColors.h</string>
			<key>sourceTree</key>
			<string>&lt;group&gt;</string>
		</dict>
		<key>8D40A58819BAB61B005BD6B2</key>
		<dict>
			<key>fileEncoding</key>
			<string>4</string>
			<key>isa</key>
			<string>PBXFileReference</string>
			<key>lastKnownFileType</key>
			<string>sourcecode.c.objc</string>
			<key>path</key>
			<string>CMColors.m</string>
			<key>sourceTree</key>
			<string>&lt;group&gt;</string>
		</dict>
		<key>8D40A58919BAB61B005BD6B2</key>
		<dict>
			<key>fileRef</key>
			<string>8D40A58819BAB61B005BD6B2</string>
			<key>isa</key>
			<string>PBXBuildFile</string>
		</dict>
		<key>8D40A58A19BAB872005BD6B2</key>
		<dict>
			<key>children</key>
			<array>
				<string>8D40A58E19BAB8E8005BD6B2</string>
				<string>8D40A58B19BAB872005BD6B2</string>
				<string>8D40A58C19BAB872005BD6B2</string>
			</array>
			<key>isa</key>
			<string>PBXGroup</string>
			<key>path</key>
			<string>Libraries</string>
			<key>sourceTree</key>
			<string>&lt;group&gt;</string>
		</dict>
		<key>8D40A58B19BAB872005BD6B2</key>
		<dict>
			<key>fileEncoding</key>
			<string>4</string>
			<key>isa</key>
			<string>PBXFileReference</string>
			<key>lastKnownFileType</key>
			<string>sourcecode.c.h</string>
			<key>path</key>
			<string>UIScrollView+APParallaxHeader.h</string>
			<key>sourceTree</key>
			<string>&lt;group&gt;</string>
		</dict>
		<key>8D40A58C19BAB872005BD6B2</key>
		<dict>
			<key>fileEncoding</key>
			<string>4</string>
			<key>isa</key>
			<string>PBXFileReference</string>
			<key>lastKnownFileType</key>
			<string>sourcecode.c.objc</string>
			<key>path</key>
			<string>UIScrollView+APParallaxHeader.m</string>
			<key>sourceTree</key>
			<string>&lt;group&gt;</string>
		</dict>
		<key>8D40A58D19BAB872005BD6B2</key>
		<dict>
			<key>fileRef</key>
			<string>8D40A58C19BAB872005BD6B2</string>
			<key>isa</key>
			<string>PBXBuildFile</string>
		</dict>
		<key>8D40A58E19BAB8E8005BD6B2</key>
		<dict>
			<key>children</key>
			<array>
				<string>8D40A58F19BAB8E8005BD6B2</string>
				<string>8D40A59019BAB8E8005BD6B2</string>
				<string>8D40A59119BAB8E8005BD6B2</string>
				<string>8D40A59219BAB8E8005BD6B2</string>
				<string>8D40A59319BAB8E8005BD6B2</string>
				<string>8D40A59419BAB8E8005BD6B2</string>
				<string>8D40A59519BAB8E8005BD6B2</string>
				<string>8D40A59619BAB8E8005BD6B2</string>
				<string>8D40A59719BAB8E8005BD6B2</string>
				<string>8D40A59819BAB8E8005BD6B2</string>
				<string>8D40A59919BAB8E8005BD6B2</string>
				<string>8D40A59A19BAB8E8005BD6B2</string>
			</array>
			<key>isa</key>
			<string>PBXGroup</string>
			<key>path</key>
			<string>REFrostedViewController</string>
			<key>sourceTree</key>
			<string>&lt;group&gt;</string>
		</dict>
		<key>8D40A58F19BAB8E8005BD6B2</key>
		<dict>
			<key>fileEncoding</key>
			<string>4</string>
			<key>isa</key>
			<string>PBXFileReference</string>
			<key>lastKnownFileType</key>
			<string>sourcecode.c.h</string>
			<key>path</key>
			<string>RECommonFunctions.h</string>
			<key>sourceTree</key>
			<string>&lt;group&gt;</string>
		</dict>
		<key>8D40A59019BAB8E8005BD6B2</key>
		<dict>
			<key>fileEncoding</key>
			<string>4</string>
			<key>isa</key>
			<string>PBXFileReference</string>
			<key>lastKnownFileType</key>
			<string>sourcecode.c.objc</string>
			<key>path</key>
			<string>RECommonFunctions.m</string>
			<key>sourceTree</key>
			<string>&lt;group&gt;</string>
		</dict>
		<key>8D40A59119BAB8E8005BD6B2</key>
		<dict>
			<key>fileEncoding</key>
			<string>4</string>
			<key>isa</key>
			<string>PBXFileReference</string>
			<key>lastKnownFileType</key>
			<string>sourcecode.c.h</string>
			<key>path</key>
			<string>REFrostedContainerViewController.h</string>
			<key>sourceTree</key>
			<string>&lt;group&gt;</string>
		</dict>
		<key>8D40A59219BAB8E8005BD6B2</key>
		<dict>
			<key>fileEncoding</key>
			<string>4</string>
			<key>isa</key>
			<string>PBXFileReference</string>
			<key>lastKnownFileType</key>
			<string>sourcecode.c.objc</string>
			<key>path</key>
			<string>REFrostedContainerViewController.m</string>
			<key>sourceTree</key>
			<string>&lt;group&gt;</string>
		</dict>
		<key>8D40A59319BAB8E8005BD6B2</key>
		<dict>
			<key>fileEncoding</key>
			<string>4</string>
			<key>isa</key>
			<string>PBXFileReference</string>
			<key>lastKnownFileType</key>
			<string>sourcecode.c.h</string>
			<key>path</key>
			<string>REFrostedViewController.h</string>
			<key>sourceTree</key>
			<string>&lt;group&gt;</string>
		</dict>
		<key>8D40A59419BAB8E8005BD6B2</key>
		<dict>
			<key>fileEncoding</key>
			<string>4</string>
			<key>isa</key>
			<string>PBXFileReference</string>
			<key>lastKnownFileType</key>
			<string>sourcecode.c.objc</string>
			<key>path</key>
			<string>REFrostedViewController.m</string>
			<key>sourceTree</key>
			<string>&lt;group&gt;</string>
		</dict>
		<key>8D40A59519BAB8E8005BD6B2</key>
		<dict>
			<key>fileEncoding</key>
			<string>4</string>
			<key>isa</key>
			<string>PBXFileReference</string>
			<key>lastKnownFileType</key>
			<string>sourcecode.c.h</string>
			<key>path</key>
			<string>UIImage+REFrostedViewController.h</string>
			<key>sourceTree</key>
			<string>&lt;group&gt;</string>
		</dict>
		<key>8D40A59619BAB8E8005BD6B2</key>
		<dict>
			<key>fileEncoding</key>
			<string>4</string>
			<key>isa</key>
			<string>PBXFileReference</string>
			<key>lastKnownFileType</key>
			<string>sourcecode.c.objc</string>
			<key>path</key>
			<string>UIImage+REFrostedViewController.m</string>
			<key>sourceTree</key>
			<string>&lt;group&gt;</string>
		</dict>
		<key>8D40A59719BAB8E8005BD6B2</key>
		<dict>
			<key>fileEncoding</key>
			<string>4</string>
			<key>isa</key>
			<string>PBXFileReference</string>
			<key>lastKnownFileType</key>
			<string>sourcecode.c.h</string>
			<key>path</key>
			<string>UIView+REFrostedViewController.h</string>
			<key>sourceTree</key>
			<string>&lt;group&gt;</string>
		</dict>
		<key>8D40A59819BAB8E8005BD6B2</key>
		<dict>
			<key>fileEncoding</key>
			<string>4</string>
			<key>isa</key>
			<string>PBXFileReference</string>
			<key>lastKnownFileType</key>
			<string>sourcecode.c.objc</string>
			<key>path</key>
			<string>UIView+REFrostedViewController.m</string>
			<key>sourceTree</key>
			<string>&lt;group&gt;</string>
		</dict>
		<key>8D40A59919BAB8E8005BD6B2</key>
		<dict>
			<key>fileEncoding</key>
			<string>4</string>
			<key>isa</key>
			<string>PBXFileReference</string>
			<key>lastKnownFileType</key>
			<string>sourcecode.c.h</string>
			<key>path</key>
			<string>UIViewController+REFrostedViewController.h</string>
			<key>sourceTree</key>
			<string>&lt;group&gt;</string>
		</dict>
		<key>8D40A59A19BAB8E8005BD6B2</key>
		<dict>
			<key>fileEncoding</key>
			<string>4</string>
			<key>isa</key>
			<string>PBXFileReference</string>
			<key>lastKnownFileType</key>
			<string>sourcecode.c.objc</string>
			<key>path</key>
			<string>UIViewController+REFrostedViewController.m</string>
			<key>sourceTree</key>
			<string>&lt;group&gt;</string>
		</dict>
		<key>8D40A59B19BAB8E8005BD6B2</key>
		<dict>
			<key>fileRef</key>
			<string>8D40A59019BAB8E8005BD6B2</string>
			<key>isa</key>
			<string>PBXBuildFile</string>
		</dict>
		<key>8D40A59C19BAB8E8005BD6B2</key>
		<dict>
			<key>fileRef</key>
			<string>8D40A59219BAB8E8005BD6B2</string>
			<key>isa</key>
			<string>PBXBuildFile</string>
		</dict>
		<key>8D40A59D19BAB8E8005BD6B2</key>
		<dict>
			<key>fileRef</key>
			<string>8D40A59419BAB8E8005BD6B2</string>
			<key>isa</key>
			<string>PBXBuildFile</string>
		</dict>
		<key>8D40A59E19BAB8E8005BD6B2</key>
		<dict>
			<key>fileRef</key>
			<string>8D40A59619BAB8E8005BD6B2</string>
			<key>isa</key>
			<string>PBXBuildFile</string>
		</dict>
		<key>8D40A59F19BAB8E8005BD6B2</key>
		<dict>
			<key>fileRef</key>
			<string>8D40A59819BAB8E8005BD6B2</string>
			<key>isa</key>
			<string>PBXBuildFile</string>
		</dict>
		<key>8D40A5A019BAB8E8005BD6B2</key>
		<dict>
			<key>fileRef</key>
			<string>8D40A59A19BAB8E8005BD6B2</string>
			<key>isa</key>
			<string>PBXBuildFile</string>
		</dict>
		<key>8D40A5A119BAB904005BD6B2</key>
		<dict>
			<key>children</key>
			<array>
				<string>8D40A5A219BAB923005BD6B2</string>
				<string>8D40A5A319BAB923005BD6B2</string>
				<string>8D40A5A519BAB944005BD6B2</string>
				<string>8D40A5A619BAB944005BD6B2</string>
			</array>
			<key>isa</key>
			<string>PBXGroup</string>
			<key>name</key>
			<string>SideBar</string>
			<key>sourceTree</key>
			<string>&lt;group&gt;</string>
		</dict>
		<key>8D40A5A219BAB923005BD6B2</key>
		<dict>
			<key>fileEncoding</key>
			<string>4</string>
			<key>isa</key>
			<string>PBXFileReference</string>
			<key>lastKnownFileType</key>
			<string>sourcecode.c.h</string>
			<key>name</key>
			<string>CMMenuViewController.h</string>
			<key>path</key>
			<string>SideBar/CMMenuViewController.h</string>
			<key>sourceTree</key>
			<string>&lt;group&gt;</string>
		</dict>
		<key>8D40A5A319BAB923005BD6B2</key>
		<dict>
			<key>fileEncoding</key>
			<string>4</string>
			<key>isa</key>
			<string>PBXFileReference</string>
			<key>lastKnownFileType</key>
			<string>sourcecode.c.objc</string>
			<key>name</key>
			<string>CMMenuViewController.m</string>
			<key>path</key>
			<string>SideBar/CMMenuViewController.m</string>
			<key>sourceTree</key>
			<string>&lt;group&gt;</string>
		</dict>
		<key>8D40A5A419BAB923005BD6B2</key>
		<dict>
			<key>fileRef</key>
			<string>8D40A5A319BAB923005BD6B2</string>
			<key>isa</key>
			<string>PBXBuildFile</string>
		</dict>
		<key>8D40A5A519BAB944005BD6B2</key>
		<dict>
			<key>fileEncoding</key>
			<string>4</string>
			<key>isa</key>
			<string>PBXFileReference</string>
			<key>lastKnownFileType</key>
			<string>sourcecode.c.h</string>
			<key>name</key>
			<string>CMMenuNavigationController.h</string>
			<key>path</key>
			<string>SideBar/CMMenuNavigationController.h</string>
			<key>sourceTree</key>
			<string>&lt;group&gt;</string>
		</dict>
		<key>8D40A5A619BAB944005BD6B2</key>
		<dict>
			<key>fileEncoding</key>
			<string>4</string>
			<key>isa</key>
			<string>PBXFileReference</string>
			<key>lastKnownFileType</key>
			<string>sourcecode.c.objc</string>
			<key>name</key>
			<string>CMMenuNavigationController.m</string>
			<key>path</key>
			<string>SideBar/CMMenuNavigationController.m</string>
			<key>sourceTree</key>
			<string>&lt;group&gt;</string>
		</dict>
		<key>8D40A5A719BAB944005BD6B2</key>
		<dict>
			<key>fileRef</key>
			<string>8D40A5A619BAB944005BD6B2</string>
			<key>isa</key>
			<string>PBXBuildFile</string>
		</dict>
		<key>A8EF5B6A19BA6C380016341D</key>
		<dict>
			<key>children</key>
			<array>
				<string>A8EF5B7C19BA6C380016341D</string>
				<string>A8EF5B7519BA6C380016341D</string>
				<string>A8EF5B7419BA6C380016341D</string>
				<string>850D073C398E4EEF93B925B9</string>
			</array>
			<key>isa</key>
			<string>PBXGroup</string>
			<key>sourceTree</key>
			<string>&lt;group&gt;</string>
		</dict>
		<key>A8EF5B6B19BA6C380016341D</key>
		<dict>
			<key>attributes</key>
			<dict>
				<key>CLASSPREFIX</key>
				<string>CM</string>
				<key>LastUpgradeCheck</key>
				<string>0510</string>
				<key>ORGANIZATIONNAME</key>
				<string>Stephen Greco</string>
			</dict>
			<key>buildConfigurationList</key>
			<string>A8EF5B6E19BA6C380016341D</string>
			<key>compatibilityVersion</key>
			<string>Xcode 3.2</string>
			<key>developmentRegion</key>
			<string>English</string>
			<key>hasScannedForEncodings</key>
			<string>0</string>
			<key>isa</key>
			<string>PBXProject</string>
			<key>knownRegions</key>
			<array>
				<string>en</string>
			</array>
			<key>mainGroup</key>
			<string>A8EF5B6A19BA6C380016341D</string>
			<key>productRefGroup</key>
			<string>A8EF5B7419BA6C380016341D</string>
			<key>projectDirPath</key>
			<string></string>
			<key>projectReferences</key>
			<array/>
			<key>projectRoot</key>
			<string></string>
			<key>targets</key>
			<array>
				<string>A8EF5B7219BA6C380016341D</string>
			</array>
		</dict>
		<key>A8EF5B6E19BA6C380016341D</key>
		<dict>
			<key>buildConfigurations</key>
			<array>
				<string>A8EF5B9D19BA6C380016341D</string>
				<string>A8EF5B9E19BA6C380016341D</string>
			</array>
			<key>defaultConfigurationIsVisible</key>
			<string>0</string>
			<key>defaultConfigurationName</key>
			<string>Release</string>
			<key>isa</key>
			<string>XCConfigurationList</string>
		</dict>
		<key>A8EF5B6F19BA6C380016341D</key>
		<dict>
			<key>buildActionMask</key>
			<string>2147483647</string>
			<key>files</key>
			<array>
				<string>A8EF5B8719BA6C380016341D</string>
				<string>8D40A59D19BAB8E8005BD6B2</string>
				<string>8D40A59F19BAB8E8005BD6B2</string>
				<string>8D40A59B19BAB8E8005BD6B2</string>
				<string>A8EF5BAD19BA6F090016341D</string>
				<string>8D40A59E19BAB8E8005BD6B2</string>
				<string>8D40A58D19BAB872005BD6B2</string>
				<string>A8EF5B8319BA6C380016341D</string>
				<string>8D40A5A719BAB944005BD6B2</string>
				<string>8D40A5A019BAB8E8005BD6B2</string>
				<string>8D40A5A419BAB923005BD6B2</string>
				<string>8D40A58919BAB61B005BD6B2</string>
				<string>8D40A59C19BAB8E8005BD6B2</string>
			</array>
			<key>isa</key>
			<string>PBXSourcesBuildPhase</string>
			<key>runOnlyForDeploymentPostprocessing</key>
			<string>0</string>
		</dict>
		<key>A8EF5B7019BA6C380016341D</key>
		<dict>
			<key>buildActionMask</key>
			<string>2147483647</string>
			<key>files</key>
			<array>
				<string>8D40A57D19BAB29E005BD6B2</string>
				<string>A8EF5BB519BA71B40016341D</string>
				<string>8D40A57B19BAB28E005BD6B2</string>
				<string>8D40A57919BAB288005BD6B2</string>
				<string>8D40A57719BAB282005BD6B2</string>
				<string>8D40A57519BAB25F005BD6B2</string>
				<string>8D40A57419BAB234005BD6B2</string>
				<string>A8EF5BC119BA71F60016341D</string>
				<string>A8EF5BBF19BA71EF0016341D</string>
				<string>A8EF5BBD19BA71E70016341D</string>
				<string>A8EF5BBB19BA71E00016341D</string>
				<string>A8EF5BB919BA71D80016341D</string>
				<string>A8EF5BB719BA71BC0016341D</string>
				<string>A8EF5BB319BA71A90016341D</string>
				<string>A8EF5BB119BA71A00016341D</string>
				<string>A8EF5B7919BA6C380016341D</string>
				<string>A8EF5B7B19BA6C380016341D</string>
				<string>A8EF5B7719BA6C380016341D</string>
				<string>A8EF5BA919BA6D2E0016341D</string>
				<string>A8EF5BAF19BA6FCD0016341D</string>
				<string>81FD2F9D3E02428CB2DC9270</string>
			</array>
			<key>isa</key>
			<string>PBXFrameworksBuildPhase</string>
			<key>runOnlyForDeploymentPostprocessing</key>
			<string>0</string>
		</dict>
		<key>A8EF5B7119BA6C380016341D</key>
		<dict>
			<key>buildActionMask</key>
			<string>2147483647</string>
			<key>files</key>
			<array>
				<string>A8EF5B8119BA6C380016341D</string>
				<string>A8EF5B8919BA6C380016341D</string>
			</array>
			<key>isa</key>
			<string>PBXResourcesBuildPhase</string>
			<key>runOnlyForDeploymentPostprocessing</key>
			<string>0</string>
		</dict>
		<key>A8EF5B7219BA6C380016341D</key>
		<dict>
			<key>buildConfigurationList</key>
			<string>A8EF5B9F19BA6C380016341D</string>
			<key>buildPhases</key>
			<array>
				<string>12ADFBCA85764E748CDEC5DC</string>
				<string>A8EF5B6F19BA6C380016341D</string>
				<string>A8EF5B7019BA6C380016341D</string>
				<string>A8EF5B7119BA6C380016341D</string>
				<string>334D0730EA6F402E99EB9A5C</string>
			</array>
			<key>buildRules</key>
			<array/>
			<key>dependencies</key>
			<array/>
			<key>isa</key>
			<string>PBXNativeTarget</string>
			<key>name</key>
			<string>ComfortMe</string>
			<key>productName</key>
			<string>ComfortMe</string>
			<key>productReference</key>
			<string>A8EF5B7319BA6C380016341D</string>
			<key>productType</key>
			<string>com.apple.product-type.application</string>
		</dict>
		<key>A8EF5B7319BA6C380016341D</key>
		<dict>
			<key>explicitFileType</key>
			<string>wrapper.application</string>
			<key>includeInIndex</key>
			<string>0</string>
			<key>isa</key>
			<string>PBXFileReference</string>
			<key>path</key>
			<string>ComfortMe.app</string>
			<key>sourceTree</key>
			<string>BUILT_PRODUCTS_DIR</string>
		</dict>
		<key>A8EF5B7419BA6C380016341D</key>
		<dict>
			<key>children</key>
			<array>
				<string>A8EF5B7319BA6C380016341D</string>
			</array>
			<key>isa</key>
			<string>PBXGroup</string>
			<key>name</key>
			<string>Products</string>
			<key>sourceTree</key>
			<string>&lt;group&gt;</string>
		</dict>
		<key>A8EF5B7519BA6C380016341D</key>
		<dict>
			<key>children</key>
			<array>
				<string>8D40A57C19BAB29E005BD6B2</string>
				<string>8D40A57A19BAB28E005BD6B2</string>
				<string>8D40A57819BAB288005BD6B2</string>
				<string>8D40A57619BAB282005BD6B2</string>
				<string>8D40A57319BAB234005BD6B2</string>
				<string>A8EF5BC019BA71F60016341D</string>
				<string>A8EF5BBE19BA71EF0016341D</string>
				<string>A8EF5BBC19BA71E70016341D</string>
				<string>A8EF5BBA19BA71E00016341D</string>
				<string>A8EF5BB819BA71D80016341D</string>
				<string>A8EF5BB619BA71BC0016341D</string>
				<string>A8EF5BB419BA71B40016341D</string>
				<string>A8EF5BB219BA71A90016341D</string>
				<string>A8EF5BB019BA71A00016341D</string>
				<string>A8EF5BAE19BA6FCD0016341D</string>
				<string>A8EF5BA519BA6D2E0016341D</string>
				<string>A8EF5BA619BA6D2E0016341D</string>
				<string>A8EF5BA719BA6D2E0016341D</string>
				<string>A8EF5B7619BA6C380016341D</string>
				<string>A8EF5B7819BA6C380016341D</string>
				<string>A8EF5B7A19BA6C380016341D</string>
				<string>A8EF5B8F19BA6C380016341D</string>
				<string>DD03172C30F44704820E954D</string>
			</array>
			<key>isa</key>
			<string>PBXGroup</string>
			<key>name</key>
			<string>Frameworks</string>
			<key>sourceTree</key>
			<string>&lt;group&gt;</string>
		</dict>
		<key>A8EF5B7619BA6C380016341D</key>
		<dict>
			<key>isa</key>
			<string>PBXFileReference</string>
			<key>lastKnownFileType</key>
			<string>wrapper.framework</string>
			<key>name</key>
			<string>Foundation.framework</string>
			<key>path</key>
			<string>System/Library/Frameworks/Foundation.framework</string>
			<key>sourceTree</key>
			<string>SDKROOT</string>
		</dict>
		<key>A8EF5B7719BA6C380016341D</key>
		<dict>
			<key>fileRef</key>
			<string>A8EF5B7619BA6C380016341D</string>
			<key>isa</key>
			<string>PBXBuildFile</string>
		</dict>
		<key>A8EF5B7819BA6C380016341D</key>
		<dict>
			<key>isa</key>
			<string>PBXFileReference</string>
			<key>lastKnownFileType</key>
			<string>wrapper.framework</string>
			<key>name</key>
			<string>CoreGraphics.framework</string>
			<key>path</key>
			<string>System/Library/Frameworks/CoreGraphics.framework</string>
			<key>sourceTree</key>
			<string>SDKROOT</string>
		</dict>
		<key>A8EF5B7919BA6C380016341D</key>
		<dict>
			<key>fileRef</key>
			<string>A8EF5B7819BA6C380016341D</string>
			<key>isa</key>
			<string>PBXBuildFile</string>
		</dict>
		<key>A8EF5B7A19BA6C380016341D</key>
		<dict>
			<key>isa</key>
			<string>PBXFileReference</string>
			<key>lastKnownFileType</key>
			<string>wrapper.framework</string>
			<key>name</key>
			<string>UIKit.framework</string>
			<key>path</key>
			<string>System/Library/Frameworks/UIKit.framework</string>
			<key>sourceTree</key>
			<string>SDKROOT</string>
		</dict>
		<key>A8EF5B7B19BA6C380016341D</key>
		<dict>
			<key>fileRef</key>
			<string>A8EF5B7A19BA6C380016341D</string>
			<key>isa</key>
			<string>PBXBuildFile</string>
		</dict>
		<key>A8EF5B7C19BA6C380016341D</key>
		<dict>
			<key>children</key>
			<array>
				<string>8D40A5A119BAB904005BD6B2</string>
				<string>8D40A58A19BAB872005BD6B2</string>
				<string>8D40A58619BAB61B005BD6B2</string>
				<string>A8EF5B8519BA6C380016341D</string>
				<string>A8EF5B8619BA6C380016341D</string>
				<string>A8EF5B8819BA6C380016341D</string>
				<string>A8EF5BAB19BA6F090016341D</string>
				<string>A8EF5BAC19BA6F090016341D</string>
				<string>A8EF5B7D19BA6C380016341D</string>
			</array>
			<key>isa</key>
			<string>PBXGroup</string>
			<key>path</key>
			<string>ComfortMe</string>
			<key>sourceTree</key>
			<string>&lt;group&gt;</string>
		</dict>
		<key>A8EF5B7D19BA6C380016341D</key>
		<dict>
			<key>children</key>
			<array>
				<string>A8EF5B7E19BA6C380016341D</string>
				<string>A8EF5B7F19BA6C380016341D</string>
				<string>A8EF5B8219BA6C380016341D</string>
				<string>A8EF5B8419BA6C380016341D</string>
			</array>
			<key>isa</key>
			<string>PBXGroup</string>
			<key>name</key>
			<string>Supporting Files</string>
			<key>sourceTree</key>
			<string>&lt;group&gt;</string>
		</dict>
		<key>A8EF5B7E19BA6C380016341D</key>
		<dict>
			<key>isa</key>
			<string>PBXFileReference</string>
			<key>lastKnownFileType</key>
			<string>text.plist.xml</string>
			<key>path</key>
			<string>ComfortMe-Info.plist</string>
			<key>sourceTree</key>
			<string>&lt;group&gt;</string>
		</dict>
		<key>A8EF5B7F19BA6C380016341D</key>
		<dict>
			<key>children</key>
			<array>
				<string>A8EF5B8019BA6C380016341D</string>
			</array>
			<key>isa</key>
			<string>PBXVariantGroup</string>
			<key>name</key>
			<string>InfoPlist.strings</string>
			<key>sourceTree</key>
			<string>&lt;group&gt;</string>
		</dict>
		<key>A8EF5B8019BA6C380016341D</key>
		<dict>
			<key>isa</key>
			<string>PBXFileReference</string>
			<key>lastKnownFileType</key>
			<string>text.plist.strings</string>
			<key>name</key>
			<string>en</string>
			<key>path</key>
			<string>en.lproj/InfoPlist.strings</string>
			<key>sourceTree</key>
			<string>&lt;group&gt;</string>
		</dict>
		<key>A8EF5B8119BA6C380016341D</key>
		<dict>
			<key>fileRef</key>
			<string>A8EF5B7F19BA6C380016341D</string>
			<key>isa</key>
			<string>PBXBuildFile</string>
		</dict>
		<key>A8EF5B8219BA6C380016341D</key>
		<dict>
			<key>isa</key>
			<string>PBXFileReference</string>
			<key>lastKnownFileType</key>
			<string>sourcecode.c.objc</string>
			<key>path</key>
			<string>main.m</string>
			<key>sourceTree</key>
			<string>&lt;group&gt;</string>
		</dict>
		<key>A8EF5B8319BA6C380016341D</key>
		<dict>
			<key>fileRef</key>
			<string>A8EF5B8219BA6C380016341D</string>
			<key>isa</key>
			<string>PBXBuildFile</string>
		</dict>
		<key>A8EF5B8419BA6C380016341D</key>
		<dict>
			<key>isa</key>
			<string>PBXFileReference</string>
			<key>lastKnownFileType</key>
			<string>sourcecode.c.h</string>
			<key>path</key>
			<string>ComfortMe-Prefix.pch</string>
			<key>sourceTree</key>
			<string>&lt;group&gt;</string>
		</dict>
		<key>A8EF5B8519BA6C380016341D</key>
		<dict>
			<key>isa</key>
			<string>PBXFileReference</string>
			<key>lastKnownFileType</key>
			<string>sourcecode.c.h</string>
			<key>path</key>
			<string>AppDelegate.h</string>
			<key>sourceTree</key>
			<string>&lt;group&gt;</string>
		</dict>
		<key>A8EF5B8619BA6C380016341D</key>
		<dict>
			<key>isa</key>
			<string>PBXFileReference</string>
			<key>lastKnownFileType</key>
			<string>sourcecode.c.objc</string>
			<key>path</key>
			<string>AppDelegate.m</string>
			<key>sourceTree</key>
			<string>&lt;group&gt;</string>
		</dict>
		<key>A8EF5B8719BA6C380016341D</key>
		<dict>
			<key>fileRef</key>
			<string>A8EF5B8619BA6C380016341D</string>
			<key>isa</key>
			<string>PBXBuildFile</string>
		</dict>
		<key>A8EF5B8819BA6C380016341D</key>
		<dict>
			<key>isa</key>
			<string>PBXFileReference</string>
			<key>lastKnownFileType</key>
			<string>folder.assetcatalog</string>
			<key>path</key>
			<string>Images.xcassets</string>
			<key>sourceTree</key>
			<string>&lt;group&gt;</string>
		</dict>
		<key>A8EF5B8919BA6C380016341D</key>
		<dict>
			<key>fileRef</key>
			<string>A8EF5B8819BA6C380016341D</string>
			<key>isa</key>
			<string>PBXBuildFile</string>
		</dict>
		<key>A8EF5B8F19BA6C380016341D</key>
		<dict>
			<key>isa</key>
			<string>PBXFileReference</string>
			<key>lastKnownFileType</key>
			<string>wrapper.framework</string>
			<key>name</key>
			<string>XCTest.framework</string>
			<key>path</key>
			<string>Library/Frameworks/XCTest.framework</string>
			<key>sourceTree</key>
			<string>DEVELOPER_DIR</string>
		</dict>
		<key>A8EF5B9D19BA6C380016341D</key>
		<dict>
			<key>buildSettings</key>
			<dict>
				<key>ALWAYS_SEARCH_USER_PATHS</key>
				<string>NO</string>
				<key>CLANG_CXX_LANGUAGE_STANDARD</key>
				<string>gnu++0x</string>
				<key>CLANG_CXX_LIBRARY</key>
				<string>libc++</string>
				<key>CLANG_ENABLE_MODULES</key>
				<string>YES</string>
				<key>CLANG_ENABLE_OBJC_ARC</key>
				<string>YES</string>
				<key>CLANG_WARN_BOOL_CONVERSION</key>
				<string>YES</string>
				<key>CLANG_WARN_CONSTANT_CONVERSION</key>
				<string>YES</string>
				<key>CLANG_WARN_DIRECT_OBJC_ISA_USAGE</key>
				<string>YES_ERROR</string>
				<key>CLANG_WARN_EMPTY_BODY</key>
				<string>YES</string>
				<key>CLANG_WARN_ENUM_CONVERSION</key>
				<string>YES</string>
				<key>CLANG_WARN_INT_CONVERSION</key>
				<string>YES</string>
				<key>CLANG_WARN_OBJC_ROOT_CLASS</key>
				<string>YES_ERROR</string>
				<key>CLANG_WARN__DUPLICATE_METHOD_MATCH</key>
				<string>YES</string>
				<key>CODE_SIGN_IDENTITY[sdk=iphoneos*]</key>
				<string>iPhone Developer</string>
				<key>COPY_PHASE_STRIP</key>
				<string>NO</string>
				<key>GCC_C_LANGUAGE_STANDARD</key>
				<string>gnu99</string>
				<key>GCC_DYNAMIC_NO_PIC</key>
				<string>NO</string>
				<key>GCC_OPTIMIZATION_LEVEL</key>
				<string>0</string>
				<key>GCC_PREPROCESSOR_DEFINITIONS</key>
				<array>
					<string>DEBUG=1</string>
					<string>$(inherited)</string>
				</array>
				<key>GCC_SYMBOLS_PRIVATE_EXTERN</key>
				<string>NO</string>
				<key>GCC_WARN_64_TO_32_BIT_CONVERSION</key>
				<string>YES</string>
				<key>GCC_WARN_ABOUT_RETURN_TYPE</key>
				<string>YES_ERROR</string>
				<key>GCC_WARN_UNDECLARED_SELECTOR</key>
				<string>YES</string>
				<key>GCC_WARN_UNINITIALIZED_AUTOS</key>
				<string>YES_AGGRESSIVE</string>
				<key>GCC_WARN_UNUSED_FUNCTION</key>
				<string>YES</string>
				<key>GCC_WARN_UNUSED_VARIABLE</key>
				<string>YES</string>
				<key>IPHONEOS_DEPLOYMENT_TARGET</key>
				<string>7.1</string>
				<key>ONLY_ACTIVE_ARCH</key>
				<string>YES</string>
				<key>SDKROOT</key>
				<string>iphoneos</string>
			</dict>
			<key>isa</key>
			<string>XCBuildConfiguration</string>
			<key>name</key>
			<string>Debug</string>
		</dict>
		<key>A8EF5B9E19BA6C380016341D</key>
		<dict>
			<key>buildSettings</key>
			<dict>
				<key>ALWAYS_SEARCH_USER_PATHS</key>
				<string>NO</string>
				<key>CLANG_CXX_LANGUAGE_STANDARD</key>
				<string>gnu++0x</string>
				<key>CLANG_CXX_LIBRARY</key>
				<string>libc++</string>
				<key>CLANG_ENABLE_MODULES</key>
				<string>YES</string>
				<key>CLANG_ENABLE_OBJC_ARC</key>
				<string>YES</string>
				<key>CLANG_WARN_BOOL_CONVERSION</key>
				<string>YES</string>
				<key>CLANG_WARN_CONSTANT_CONVERSION</key>
				<string>YES</string>
				<key>CLANG_WARN_DIRECT_OBJC_ISA_USAGE</key>
				<string>YES_ERROR</string>
				<key>CLANG_WARN_EMPTY_BODY</key>
				<string>YES</string>
				<key>CLANG_WARN_ENUM_CONVERSION</key>
				<string>YES</string>
				<key>CLANG_WARN_INT_CONVERSION</key>
				<string>YES</string>
				<key>CLANG_WARN_OBJC_ROOT_CLASS</key>
				<string>YES_ERROR</string>
				<key>CLANG_WARN__DUPLICATE_METHOD_MATCH</key>
				<string>YES</string>
				<key>CODE_SIGN_IDENTITY[sdk=iphoneos*]</key>
				<string>iPhone Developer</string>
				<key>COPY_PHASE_STRIP</key>
				<string>YES</string>
				<key>ENABLE_NS_ASSERTIONS</key>
				<string>NO</string>
				<key>GCC_C_LANGUAGE_STANDARD</key>
				<string>gnu99</string>
				<key>GCC_WARN_64_TO_32_BIT_CONVERSION</key>
				<string>YES</string>
				<key>GCC_WARN_ABOUT_RETURN_TYPE</key>
				<string>YES_ERROR</string>
				<key>GCC_WARN_UNDECLARED_SELECTOR</key>
				<string>YES</string>
				<key>GCC_WARN_UNINITIALIZED_AUTOS</key>
				<string>YES_AGGRESSIVE</string>
				<key>GCC_WARN_UNUSED_FUNCTION</key>
				<string>YES</string>
				<key>GCC_WARN_UNUSED_VARIABLE</key>
				<string>YES</string>
				<key>IPHONEOS_DEPLOYMENT_TARGET</key>
				<string>7.1</string>
				<key>SDKROOT</key>
				<string>iphoneos</string>
				<key>VALIDATE_PRODUCT</key>
				<string>YES</string>
			</dict>
			<key>isa</key>
			<string>XCBuildConfiguration</string>
			<key>name</key>
			<string>Release</string>
		</dict>
		<key>A8EF5B9F19BA6C380016341D</key>
		<dict>
			<key>buildConfigurations</key>
			<array>
				<string>A8EF5BA019BA6C380016341D</string>
				<string>A8EF5BA119BA6C380016341D</string>
			</array>
			<key>defaultConfigurationIsVisible</key>
			<string>0</string>
			<key>defaultConfigurationName</key>
			<string>Release</string>
			<key>isa</key>
			<string>XCConfigurationList</string>
		</dict>
		<key>A8EF5BA019BA6C380016341D</key>
		<dict>
			<key>baseConfigurationReference</key>
			<string>850D073C398E4EEF93B925B9</string>
			<key>buildSettings</key>
			<dict>
				<key>ASSETCATALOG_COMPILER_APPICON_NAME</key>
				<string>AppIcon</string>
				<key>ASSETCATALOG_COMPILER_LAUNCHIMAGE_NAME</key>
				<string>LaunchImage</string>
				<key>FRAMEWORK_SEARCH_PATHS</key>
				<array>
					<string>$(inherited)</string>
					<string>$(PROJECT_DIR)/Frameworks</string>
				</array>
				<key>GCC_PRECOMPILE_PREFIX_HEADER</key>
				<string>YES</string>
				<key>GCC_PREFIX_HEADER</key>
				<string>ComfortMe/ComfortMe-Prefix.pch</string>
				<key>INFOPLIST_FILE</key>
				<string>ComfortMe/ComfortMe-Info.plist</string>
				<key>IPHONEOS_DEPLOYMENT_TARGET</key>
				<string>7.0</string>
				<key>PRODUCT_NAME</key>
				<string>$(TARGET_NAME)</string>
				<key>WRAPPER_EXTENSION</key>
				<string>app</string>
			</dict>
			<key>isa</key>
			<string>XCBuildConfiguration</string>
			<key>name</key>
			<string>Debug</string>
		</dict>
		<key>A8EF5BA119BA6C380016341D</key>
		<dict>
			<key>baseConfigurationReference</key>
			<string>850D073C398E4EEF93B925B9</string>
			<key>buildSettings</key>
			<dict>
				<key>ASSETCATALOG_COMPILER_APPICON_NAME</key>
				<string>AppIcon</string>
				<key>ASSETCATALOG_COMPILER_LAUNCHIMAGE_NAME</key>
				<string>LaunchImage</string>
				<key>FRAMEWORK_SEARCH_PATHS</key>
				<array>
					<string>$(inherited)</string>
					<string>$(PROJECT_DIR)/Frameworks</string>
				</array>
				<key>GCC_PRECOMPILE_PREFIX_HEADER</key>
				<string>YES</string>
				<key>GCC_PREFIX_HEADER</key>
				<string>ComfortMe/ComfortMe-Prefix.pch</string>
				<key>INFOPLIST_FILE</key>
				<string>ComfortMe/ComfortMe-Info.plist</string>
				<key>IPHONEOS_DEPLOYMENT_TARGET</key>
				<string>7.0</string>
				<key>PRODUCT_NAME</key>
				<string>$(TARGET_NAME)</string>
				<key>WRAPPER_EXTENSION</key>
				<string>app</string>
			</dict>
			<key>isa</key>
			<string>XCBuildConfiguration</string>
			<key>name</key>
			<string>Release</string>
		</dict>
		<key>A8EF5BA519BA6D2E0016341D</key>
		<dict>
			<key>isa</key>
			<string>PBXFileReference</string>
			<key>lastKnownFileType</key>
			<string>wrapper.framework</string>
			<key>name</key>
			<string>Bolts.framework</string>
			<key>path</key>
			<string>Frameworks/Bolts.framework</string>
			<key>sourceTree</key>
			<string>&lt;group&gt;</string>
		</dict>
		<key>A8EF5BA619BA6D2E0016341D</key>
		<dict>
			<key>isa</key>
			<string>PBXFileReference</string>
			<key>lastKnownFileType</key>
			<string>wrapper.framework</string>
			<key>name</key>
			<string>Parse.framework</string>
			<key>path</key>
			<string>Frameworks/Parse.framework</string>
			<key>sourceTree</key>
			<string>&lt;group&gt;</string>
		</dict>
		<key>A8EF5BA719BA6D2E0016341D</key>
		<dict>
			<key>isa</key>
			<string>PBXFileReference</string>
			<key>lastKnownFileType</key>
			<string>wrapper.framework</string>
			<key>name</key>
			<string>ParseFacebookUtils.framework</string>
			<key>path</key>
			<string>Frameworks/ParseFacebookUtils.framework</string>
			<key>sourceTree</key>
			<string>&lt;group&gt;</string>
		</dict>
		<key>A8EF5BA919BA6D2E0016341D</key>
		<dict>
			<key>fileRef</key>
			<string>A8EF5BA619BA6D2E0016341D</string>
			<key>isa</key>
			<string>PBXBuildFile</string>
		</dict>
		<key>A8EF5BAB19BA6F090016341D</key>
		<dict>
			<key>fileEncoding</key>
			<string>4</string>
			<key>isa</key>
			<string>PBXFileReference</string>
			<key>lastKnownFileType</key>
			<string>sourcecode.c.h</string>
			<key>path</key>
			<string>CMMainViewController.h</string>
			<key>sourceTree</key>
			<string>&lt;group&gt;</string>
		</dict>
		<key>A8EF5BAC19BA6F090016341D</key>
		<dict>
			<key>fileEncoding</key>
			<string>4</string>
			<key>isa</key>
			<string>PBXFileReference</string>
			<key>lastKnownFileType</key>
			<string>sourcecode.c.objc</string>
			<key>path</key>
			<string>CMMainViewController.m</string>
			<key>sourceTree</key>
			<string>&lt;group&gt;</string>
		</dict>
		<key>A8EF5BAD19BA6F090016341D</key>
		<dict>
			<key>fileRef</key>
			<string>A8EF5BAC19BA6F090016341D</string>
			<key>isa</key>
			<string>PBXBuildFile</string>
		</dict>
		<key>A8EF5BAE19BA6FCD0016341D</key>
		<dict>
			<key>isa</key>
			<string>PBXFileReference</string>
			<key>lastKnownFileType</key>
			<string>wrapper.framework</string>
			<key>name</key>
			<string>FacebookSDK.framework</string>
			<key>path</key>
			<string>Frameworks/FacebookSDK.framework</string>
			<key>sourceTree</key>
			<string>&lt;group&gt;</string>
		</dict>
		<key>A8EF5BAF19BA6FCD0016341D</key>
		<dict>
			<key>fileRef</key>
			<string>A8EF5BAE19BA6FCD0016341D</string>
			<key>isa</key>
			<string>PBXBuildFile</string>
		</dict>
		<key>A8EF5BB019BA71A00016341D</key>
		<dict>
			<key>isa</key>
			<string>PBXFileReference</string>
			<key>lastKnownFileType</key>
			<string>wrapper.framework</string>
			<key>name</key>
			<string>AudioToolbox.framework</string>
			<key>path</key>
			<string>System/Library/Frameworks/AudioToolbox.framework</string>
			<key>sourceTree</key>
			<string>SDKROOT</string>
		</dict>
		<key>A8EF5BB119BA71A00016341D</key>
		<dict>
			<key>fileRef</key>
			<string>A8EF5BB019BA71A00016341D</string>
			<key>isa</key>
			<string>PBXBuildFile</string>
		</dict>
		<key>A8EF5BB219BA71A90016341D</key>
		<dict>
			<key>isa</key>
			<string>PBXFileReference</string>
			<key>lastKnownFileType</key>
			<string>wrapper.framework</string>
			<key>name</key>
			<string>CFNetwork.framework</string>
			<key>path</key>
			<string>System/Library/Frameworks/CFNetwork.framework</string>
			<key>sourceTree</key>
			<string>SDKROOT</string>
		</dict>
		<key>A8EF5BB319BA71A90016341D</key>
		<dict>
			<key>fileRef</key>
			<string>A8EF5BB219BA71A90016341D</string>
			<key>isa</key>
			<string>PBXBuildFile</string>
		</dict>
		<key>A8EF5BB419BA71B40016341D</key>
		<dict>
			<key>isa</key>
			<string>PBXFileReference</string>
			<key>lastKnownFileType</key>
			<string>wrapper.framework</string>
			<key>name</key>
			<string>CoreLocation.framework</string>
			<key>path</key>
			<string>System/Library/Frameworks/CoreLocation.framework</string>
			<key>sourceTree</key>
			<string>SDKROOT</string>
		</dict>
		<key>A8EF5BB519BA71B40016341D</key>
		<dict>
			<key>fileRef</key>
			<string>A8EF5BB419BA71B40016341D</string>
			<key>isa</key>
			<string>PBXBuildFile</string>
		</dict>
		<key>A8EF5BB619BA71BC0016341D</key>
		<dict>
			<key>isa</key>
			<string>PBXFileReference</string>
			<key>lastKnownFileType</key>
			<string>compiled.mach-o.dylib</string>
			<key>name</key>
			<string>libz.1.1.3.dylib</string>
			<key>path</key>
			<string>usr/lib/libz.1.1.3.dylib</string>
			<key>sourceTree</key>
			<string>SDKROOT</string>
		</dict>
		<key>A8EF5BB719BA71BC0016341D</key>
		<dict>
			<key>fileRef</key>
			<string>A8EF5BB619BA71BC0016341D</string>
			<key>isa</key>
			<string>PBXBuildFile</string>
		</dict>
		<key>A8EF5BB819BA71D80016341D</key>
		<dict>
			<key>isa</key>
			<string>PBXFileReference</string>
			<key>lastKnownFileType</key>
			<string>wrapper.framework</string>
			<key>name</key>
			<string>MobileCoreServices.framework</string>
			<key>path</key>
			<string>System/Library/Frameworks/MobileCoreServices.framework</string>
			<key>sourceTree</key>
			<string>SDKROOT</string>
		</dict>
		<key>A8EF5BB919BA71D80016341D</key>
		<dict>
			<key>fileRef</key>
			<string>A8EF5BB819BA71D80016341D</string>
			<key>isa</key>
			<string>PBXBuildFile</string>
		</dict>
		<key>A8EF5BBA19BA71E00016341D</key>
		<dict>
			<key>isa</key>
			<string>PBXFileReference</string>
			<key>lastKnownFileType</key>
			<string>wrapper.framework</string>
			<key>name</key>
			<string>QuartzCore.framework</string>
			<key>path</key>
			<string>System/Library/Frameworks/QuartzCore.framework</string>
			<key>sourceTree</key>
			<string>SDKROOT</string>
		</dict>
		<key>A8EF5BBB19BA71E00016341D</key>
		<dict>
			<key>fileRef</key>
			<string>A8EF5BBA19BA71E00016341D</string>
			<key>isa</key>
			<string>PBXBuildFile</string>
		</dict>
		<key>A8EF5BBC19BA71E70016341D</key>
		<dict>
			<key>isa</key>
			<string>PBXFileReference</string>
			<key>lastKnownFileType</key>
			<string>wrapper.framework</string>
			<key>name</key>
			<string>Security.framework</string>
			<key>path</key>
			<string>System/Library/Frameworks/Security.framework</string>
			<key>sourceTree</key>
			<string>SDKROOT</string>
		</dict>
		<key>A8EF5BBD19BA71E70016341D</key>
		<dict>
			<key>fileRef</key>
			<string>A8EF5BBC19BA71E70016341D</string>
			<key>isa</key>
			<string>PBXBuildFile</string>
		</dict>
		<key>A8EF5BBE19BA71EF0016341D</key>
		<dict>
			<key>isa</key>
			<string>PBXFileReference</string>
			<key>lastKnownFileType</key>
			<string>wrapper.framework</string>
			<key>name</key>
			<string>StoreKit.framework</string>
			<key>path</key>
			<string>System/Library/Frameworks/StoreKit.framework</string>
			<key>sourceTree</key>
			<string>SDKROOT</string>
		</dict>
		<key>A8EF5BBF19BA71EF0016341D</key>
		<dict>
			<key>fileRef</key>
			<string>A8EF5BBE19BA71EF0016341D</string>
			<key>isa</key>
			<string>PBXBuildFile</string>
		</dict>
		<key>A8EF5BC019BA71F60016341D</key>
		<dict>
			<key>isa</key>
			<string>PBXFileReference</string>
			<key>lastKnownFileType</key>
			<string>wrapper.framework</string>
			<key>name</key>
			<string>SystemConfiguration.framework</string>
			<key>path</key>
			<string>System/Library/Frameworks/SystemConfiguration.framework</string>
			<key>sourceTree</key>
			<string>SDKROOT</string>
		</dict>
		<key>A8EF5BC119BA71F60016341D</key>
		<dict>
			<key>fileRef</key>
			<string>A8EF5BC019BA71F60016341D</string>
			<key>isa</key>
			<string>PBXBuildFile</string>
		</dict>
		<key>DD03172C30F44704820E954D</key>
		<dict>
			<key>explicitFileType</key>
			<string>archive.ar</string>
			<key>includeInIndex</key>
			<string>0</string>
			<key>isa</key>
			<string>PBXFileReference</string>
			<key>path</key>
			<string>libPods-ComfortMe.a</string>
			<key>sourceTree</key>
			<string>BUILT_PRODUCTS_DIR</string>
		</dict>
	</dict>
	<key>rootObject</key>
	<string>A8EF5B6B19BA6C380016341D</string>
</dict>
</plist>
